
Microsoft Visual Studio Solution File, Format Version 12.00
# Visual Studio Version 16
VisualStudioVersion = 16.0.29806.167
MinimumVisualStudioVersion = 10.0.40219.1
Project("{FAE04EC0-301F-11D3-BF4B-00C04F79EFBC}") = "Httpd", "Httpd.csproj", "{140F1902-B180-487D-B098-4EB98F7EB190}"
EndProject
Global
	GlobalSection(SolutionConfigurationPlatforms) = preSolution
		Debug|Any CPU = Debug|Any CPU
		Release|Any CPU = Release|Any CPU
	EndGlobalSection
	GlobalSection(ProjectConfigurationPlatforms) = postSolution
		{140F1902-B180-487D-B098-4EB98F7EB190}.Debug|Any CPU.ActiveCfg = Debug|Any CPU
		{140F1902-B180-487D-B098-4EB98F7EB190}.Debug|Any CPU.Build.0 = Debug|Any CPU
		{140F1902-B180-487D-B098-4EB98F7EB190}.Release|Any CPU.ActiveCfg = Release|Any CPU
		{140F1902-B180-487D-B098-4EB98F7EB190}.Release|Any CPU.Build.0 = Release|Any CPU
	EndGlobalSection
	GlobalSection(SolutionProperties) = preSolution
		HideSolutionNode = FALSE
	EndGlobalSection
	GlobalSection(ExtensibilityGlobals) = postSolution
		SolutionGuid = {B2C44403-7983-4D7A-92F1-7DC96021876F}
	EndGlobalSection
EndGlobal
