
Microsoft Visual Studio Solution File, Format Version 12.00
# Visual Studio Version 17
VisualStudioVersion = 17.4.33205.214
MinimumVisualStudioVersion = 10.0.40219.1
Project("{FAE04EC0-301F-11D3-BF4B-00C04F79EFBC}") = "web", "web\web.csproj", "{A9769B4D-5A16-4C1C-A8FD-D481A8DEB330}"
EndProject
Global
	GlobalSection(SolutionConfigurationPlatforms) = preSolution
		Debug|Any CPU = Debug|Any CPU
		Release|Any CPU = Release|Any CPU
	EndGlobalSection
	GlobalSection(ProjectConfigurationPlatforms) = postSolution
		{A9769B4D-5A16-4C1C-A8FD-D481A8DEB330}.Debug|Any CPU.ActiveCfg = Debug|Any CPU
		{A9769B4D-5A16-4C1C-A8FD-D481A8DEB330}.Debug|Any CPU.Build.0 = Debug|Any CPU
		{A9769B4D-5A16-4C1C-A8FD-D481A8DEB330}.Release|Any CPU.ActiveCfg = Release|Any CPU
		{A9769B4D-5A16-4C1C-A8FD-D481A8DEB330}.Release|Any CPU.Build.0 = Release|Any CPU
	EndGlobalSection
	GlobalSection(SolutionProperties) = preSolution
		HideSolutionNode = FALSE
	EndGlobalSection
	GlobalSection(ExtensibilityGlobals) = postSolution
		SolutionGuid = {1523E111-A20F-4D88-A8C9-B63D5BF7D412}
	EndGlobalSection
EndGlobal
